
Microsoft Visual Studio Solution File, Format Version 12.00
# Visual Studio Version 17
VisualStudioVersion = 17.0.31903.59
MinimumVisualStudioVersion = 10.0.40219.1
Project("{2150E333-8FDC-42A3-9474-1A3956D46DE8}") = "src", "src", "{827E0CD3-B72D-47B6-A68D-7590B98EB39B}"
EndProject
Project("{FAE04EC0-301F-11D3-BF4B-00C04F79EFBC}") = "Rafiq.Api", "src\Rafiq.Api\Rafiq.Api.csproj", "{D92AA80E-78B4-4F7C-832B-E61D443D3D74}"
EndProject
Project("{FAE04EC0-301F-11D3-BF4B-00C04F79EFBC}") = "Rafiq.Contracts", "src\Rafiq.Contracts\Rafiq.Contracts.csproj", "{C71C0BF5-889F-48ED-AD11-E52E282BB44A}"
EndProject
Project("{FAE04EC0-301F-11D3-BF4B-00C04F79EFBC}") = "Rafiq.Application", "src\Rafiq.Application\Rafiq.Application.csproj", "{22C6F042-6DDC-4EC4-AB16-BCFFA4EF89B3}"
EndProject
Project("{FAE04EC0-301F-11D3-BF4B-00C04F79EFBC}") = "Rafiq.Domin", "src\Rafiq.Domin\Rafiq.Domin.csproj", "{C3546691-2C03-4823-A9DE-85F027A2987F}"
EndProject
Project("{FAE04EC0-301F-11D3-BF4B-00C04F79EFBC}") = "Rafiq.Infrastructure", "src\Rafiq.Infrastructure\Rafiq.Infrastructure.csproj", "{9282B455-224A-45AC-9ADC-7A194CF7BE8E}"
EndProject
Global
	GlobalSection(SolutionConfigurationPlatforms) = preSolution
		Debug|Any CPU = Debug|Any CPU
		Debug|x64 = Debug|x64
		Debug|x86 = Debug|x86
		Release|Any CPU = Release|Any CPU
		Release|x64 = Release|x64
		Release|x86 = Release|x86
	EndGlobalSection
	GlobalSection(ProjectConfigurationPlatforms) = postSolution
		{D92AA80E-78B4-4F7C-832B-E61D443D3D74}.Debug|Any CPU.ActiveCfg = Debug|Any CPU
		{D92AA80E-78B4-4F7C-832B-E61D443D3D74}.Debug|Any CPU.Build.0 = Debug|Any CPU
		{D92AA80E-78B4-4F7C-832B-E61D443D3D74}.Debug|x64.ActiveCfg = Debug|Any CPU
		{D92AA80E-78B4-4F7C-832B-E61D443D3D74}.Debug|x64.Build.0 = Debug|Any CPU
		{D92AA80E-78B4-4F7C-832B-E61D443D3D74}.Debug|x86.ActiveCfg = Debug|Any CPU
		{D92AA80E-78B4-4F7C-832B-E61D443D3D74}.Debug|x86.Build.0 = Debug|Any CPU
		{D92AA80E-78B4-4F7C-832B-E61D443D3D74}.Release|Any CPU.ActiveCfg = Release|Any CPU
		{D92AA80E-78B4-4F7C-832B-E61D443D3D74}.Release|Any CPU.Build.0 = Release|Any CPU
		{D92AA80E-78B4-4F7C-832B-E61D443D3D74}.Release|x64.ActiveCfg = Release|Any CPU
		{D92AA80E-78B4-4F7C-832B-E61D443D3D74}.Release|x64.Build.0 = Release|Any CPU
		{D92AA80E-78B4-4F7C-832B-E61D443D3D74}.Release|x86.ActiveCfg = Release|Any CPU
		{D92AA80E-78B4-4F7C-832B-E61D443D3D74}.Release|x86.Build.0 = Release|Any CPU
		{C71C0BF5-889F-48ED-AD11-E52E282BB44A}.Debug|Any CPU.ActiveCfg = Debug|Any CPU
		{C71C0BF5-889F-48ED-AD11-E52E282BB44A}.Debug|Any CPU.Build.0 = Debug|Any CPU
		{C71C0BF5-889F-48ED-AD11-E52E282BB44A}.Debug|x64.ActiveCfg = Debug|Any CPU
		{C71C0BF5-889F-48ED-AD11-E52E282BB44A}.Debug|x64.Build.0 = Debug|Any CPU
		{C71C0BF5-889F-48ED-AD11-E52E282BB44A}.Debug|x86.ActiveCfg = Debug|Any CPU
		{C71C0BF5-889F-48ED-AD11-E52E282BB44A}.Debug|x86.Build.0 = Debug|Any CPU
		{C71C0BF5-889F-48ED-AD11-E52E282BB44A}.Release|Any CPU.ActiveCfg = Release|Any CPU
		{C71C0BF5-889F-48ED-AD11-E52E282BB44A}.Release|Any CPU.Build.0 = Release|Any CPU
		{C71C0BF5-889F-48ED-AD11-E52E282BB44A}.Release|x64.ActiveCfg = Release|Any CPU
		{C71C0BF5-889F-48ED-AD11-E52E282BB44A}.Release|x64.Build.0 = Release|Any CPU
		{C71C0BF5-889F-48ED-AD11-E52E282BB44A}.Release|x86.ActiveCfg = Release|Any CPU
		{C71C0BF5-889F-48ED-AD11-E52E282BB44A}.Release|x86.Build.0 = Release|Any CPU
		{22C6F042-6DDC-4EC4-AB16-BCFFA4EF89B3}.Debug|Any CPU.ActiveCfg = Debug|Any CPU
		{22C6F042-6DDC-4EC4-AB16-BCFFA4EF89B3}.Debug|Any CPU.Build.0 = Debug|Any CPU
		{22C6F042-6DDC-4EC4-AB16-BCFFA4EF89B3}.Debug|x64.ActiveCfg = Debug|Any CPU
		{22C6F042-6DDC-4EC4-AB16-BCFFA4EF89B3}.Debug|x64.Build.0 = Debug|Any CPU
		{22C6F042-6DDC-4EC4-AB16-BCFFA4EF89B3}.Debug|x86.ActiveCfg = Debug|Any CPU
		{22C6F042-6DDC-4EC4-AB16-BCFFA4EF89B3}.Debug|x86.Build.0 = Debug|Any CPU
		{22C6F042-6DDC-4EC4-AB16-BCFFA4EF89B3}.Release|Any CPU.ActiveCfg = Release|Any CPU
		{22C6F042-6DDC-4EC4-AB16-BCFFA4EF89B3}.Release|Any CPU.Build.0 = Release|Any CPU
		{22C6F042-6DDC-4EC4-AB16-BCFFA4EF89B3}.Release|x64.ActiveCfg = Release|Any CPU
		{22C6F042-6DDC-4EC4-AB16-BCFFA4EF89B3}.Release|x64.Build.0 = Release|Any CPU
		{22C6F042-6DDC-4EC4-AB16-BCFFA4EF89B3}.Release|x86.ActiveCfg = Release|Any CPU
		{22C6F042-6DDC-4EC4-AB16-BCFFA4EF89B3}.Release|x86.Build.0 = Release|Any CPU
		{C3546691-2C03-4823-A9DE-85F027A2987F}.Debug|Any CPU.ActiveCfg = Debug|Any CPU
		{C3546691-2C03-4823-A9DE-85F027A2987F}.Debug|Any CPU.Build.0 = Debug|Any CPU
		{C3546691-2C03-4823-A9DE-85F027A2987F}.Debug|x64.ActiveCfg = Debug|Any CPU
		{C3546691-2C03-4823-A9DE-85F027A2987F}.Debug|x64.Build.0 = Debug|Any CPU
		{C3546691-2C03-4823-A9DE-85F027A2987F}.Debug|x86.ActiveCfg = Debug|Any CPU
		{C3546691-2C03-4823-A9DE-85F027A2987F}.Debug|x86.Build.0 = Debug|Any CPU
		{C3546691-2C03-4823-A9DE-85F027A2987F}.Release|Any CPU.ActiveCfg = Release|Any CPU
		{C3546691-2C03-4823-A9DE-85F027A2987F}.Release|Any CPU.Build.0 = Release|Any CPU
		{C3546691-2C03-4823-A9DE-85F027A2987F}.Release|x64.ActiveCfg = Release|Any CPU
		{C3546691-2C03-4823-A9DE-85F027A2987F}.Release|x64.Build.0 = Release|Any CPU
		{C3546691-2C03-4823-A9DE-85F027A2987F}.Release|x86.ActiveCfg = Release|Any CPU
		{C3546691-2C03-4823-A9DE-85F027A2987F}.Release|x86.Build.0 = Release|Any CPU
		{9282B455-224A-45AC-9ADC-7A194CF7BE8E}.Debug|Any CPU.ActiveCfg = Debug|Any CPU
		{9282B455-224A-45AC-9ADC-7A194CF7BE8E}.Debug|Any CPU.Build.0 = Debug|Any CPU
		{9282B455-224A-45AC-9ADC-7A194CF7BE8E}.Debug|x64.ActiveCfg = Debug|Any CPU
		{9282B455-224A-45AC-9ADC-7A194CF7BE8E}.Debug|x64.Build.0 = Debug|Any CPU
		{9282B455-224A-45AC-9ADC-7A194CF7BE8E}.Debug|x86.ActiveCfg = Debug|Any CPU
		{9282B455-224A-45AC-9ADC-7A194CF7BE8E}.Debug|x86.Build.0 = Debug|Any CPU
		{9282B455-224A-45AC-9ADC-7A194CF7BE8E}.Release|Any CPU.ActiveCfg = Release|Any CPU
		{9282B455-224A-45AC-9ADC-7A194CF7BE8E}.Release|Any CPU.Build.0 = Release|Any CPU
		{9282B455-224A-45AC-9ADC-7A194CF7BE8E}.Release|x64.ActiveCfg = Release|Any CPU
		{9282B455-224A-45AC-9ADC-7A194CF7BE8E}.Release|x64.Build.0 = Release|Any CPU
		{9282B455-224A-45AC-9ADC-7A194CF7BE8E}.Release|x86.ActiveCfg = Release|Any CPU
		{9282B455-224A-45AC-9ADC-7A194CF7BE8E}.Release|x86.Build.0 = Release|Any CPU
	EndGlobalSection
	GlobalSection(SolutionProperties) = preSolution
		HideSolutionNode = FALSE
	EndGlobalSection
	GlobalSection(NestedProjects) = preSolution
		{D92AA80E-78B4-4F7C-832B-E61D443D3D74} = {827E0CD3-B72D-47B6-A68D-7590B98EB39B}
		{C71C0BF5-889F-48ED-AD11-E52E282BB44A} = {827E0CD3-B72D-47B6-A68D-7590B98EB39B}
		{22C6F042-6DDC-4EC4-AB16-BCFFA4EF89B3} = {827E0CD3-B72D-47B6-A68D-7590B98EB39B}
		{C3546691-2C03-4823-A9DE-85F027A2987F} = {827E0CD3-B72D-47B6-A68D-7590B98EB39B}
		{9282B455-224A-45AC-9ADC-7A194CF7BE8E} = {827E0CD3-B72D-47B6-A68D-7590B98EB39B}
	EndGlobalSection
EndGlobal
